
Microsoft Visual Studio Solution File, Format Version 12.00
Project("{FAE04EC0-301F-11D3-BF4B-00C04F79EFBC}") = "TopCharts.Host", "TopCharts.Host\TopCharts.Host.csproj", "{24FE443D-B158-4F90-9D12-2B2D7A287E99}"
EndProject
Project("{FAE04EC0-301F-11D3-BF4B-00C04F79EFBC}") = "TopCharts.Domain.Model", "TopCharts.Domain.Model\TopCharts.Domain.Model.csproj", "{9A57572F-467A-45DF-8C0C-1B396FB907CB}"
EndProject
Project("{FAE04EC0-301F-11D3-BF4B-00C04F79EFBC}") = "TopCharts.Domain.Services", "TopCharts.Domain.Services\TopCharts.Domain.Services.csproj", "{8039E85A-5E30-4F6A-9C28-5CA4AF96ACA6}"
EndProject
Project("{FAE04EC0-301F-11D3-BF4B-00C04F79EFBC}") = "TopCharts.DataAccess.Abstractions", "TopCharts.DataAccess.Abstractions\TopCharts.DataAccess.Abstractions.csproj", "{3E2D4B9C-17ED-495A-8334-964B97BB3A17}"
EndProject
Project("{FAE04EC0-301F-11D3-BF4B-00C04F79EFBC}") = "TopCharts.DataAccess.Db", "TopCharts.DataAccess.Db\TopCharts.DataAccess.Db.csproj", "{13C09F74-BC1B-439F-B364-5EC1C316246C}"
EndProject
Project("{FAE04EC0-301F-11D3-BF4B-00C04F79EFBC}") = "TopCharts.DataAccess.Api", "TopCharts.DataAccess.Api\TopCharts.DataAccess.Api.csproj", "{C3B81E45-1B7D-4659-9C39-80671C19CF75}"
EndProject
Global
	GlobalSection(SolutionConfigurationPlatforms) = preSolution
		Debug|Any CPU = Debug|Any CPU
		Release|Any CPU = Release|Any CPU
	EndGlobalSection
	GlobalSection(ProjectConfigurationPlatforms) = postSolution
		{24FE443D-B158-4F90-9D12-2B2D7A287E99}.Debug|Any CPU.ActiveCfg = Debug|Any CPU
		{24FE443D-B158-4F90-9D12-2B2D7A287E99}.Debug|Any CPU.Build.0 = Debug|Any CPU
		{24FE443D-B158-4F90-9D12-2B2D7A287E99}.Release|Any CPU.ActiveCfg = Release|Any CPU
		{24FE443D-B158-4F90-9D12-2B2D7A287E99}.Release|Any CPU.Build.0 = Release|Any CPU
		{9A57572F-467A-45DF-8C0C-1B396FB907CB}.Debug|Any CPU.ActiveCfg = Debug|Any CPU
		{9A57572F-467A-45DF-8C0C-1B396FB907CB}.Debug|Any CPU.Build.0 = Debug|Any CPU
		{9A57572F-467A-45DF-8C0C-1B396FB907CB}.Release|Any CPU.ActiveCfg = Release|Any CPU
		{9A57572F-467A-45DF-8C0C-1B396FB907CB}.Release|Any CPU.Build.0 = Release|Any CPU
		{8039E85A-5E30-4F6A-9C28-5CA4AF96ACA6}.Debug|Any CPU.ActiveCfg = Debug|Any CPU
		{8039E85A-5E30-4F6A-9C28-5CA4AF96ACA6}.Debug|Any CPU.Build.0 = Debug|Any CPU
		{8039E85A-5E30-4F6A-9C28-5CA4AF96ACA6}.Release|Any CPU.ActiveCfg = Release|Any CPU
		{8039E85A-5E30-4F6A-9C28-5CA4AF96ACA6}.Release|Any CPU.Build.0 = Release|Any CPU
		{3E2D4B9C-17ED-495A-8334-964B97BB3A17}.Debug|Any CPU.ActiveCfg = Debug|Any CPU
		{3E2D4B9C-17ED-495A-8334-964B97BB3A17}.Debug|Any CPU.Build.0 = Debug|Any CPU
		{3E2D4B9C-17ED-495A-8334-964B97BB3A17}.Release|Any CPU.ActiveCfg = Release|Any CPU
		{3E2D4B9C-17ED-495A-8334-964B97BB3A17}.Release|Any CPU.Build.0 = Release|Any CPU
		{13C09F74-BC1B-439F-B364-5EC1C316246C}.Debug|Any CPU.ActiveCfg = Debug|Any CPU
		{13C09F74-BC1B-439F-B364-5EC1C316246C}.Debug|Any CPU.Build.0 = Debug|Any CPU
		{13C09F74-BC1B-439F-B364-5EC1C316246C}.Release|Any CPU.ActiveCfg = Release|Any CPU
		{13C09F74-BC1B-439F-B364-5EC1C316246C}.Release|Any CPU.Build.0 = Release|Any CPU
		{C3B81E45-1B7D-4659-9C39-80671C19CF75}.Debug|Any CPU.ActiveCfg = Debug|Any CPU
		{C3B81E45-1B7D-4659-9C39-80671C19CF75}.Debug|Any CPU.Build.0 = Debug|Any CPU
		{C3B81E45-1B7D-4659-9C39-80671C19CF75}.Release|Any CPU.ActiveCfg = Release|Any CPU
		{C3B81E45-1B7D-4659-9C39-80671C19CF75}.Release|Any CPU.Build.0 = Release|Any CPU
	EndGlobalSection
EndGlobal
